
Microsoft Visual Studio Solution File, Format Version 12.00
# Visual Studio Version 17
VisualStudioVersion = 17.14.36109.1 d17.14
MinimumVisualStudioVersion = 10.0.40219.1
Project("{FAE04EC0-301F-11D3-BF4B-00C04F79EFBC}") = "E-commerce", "E-commerce\E-commerce.csproj", "{A44B4A89-63BD-4ACC-AD43-F9DB11D491E9}"
EndProject
Global
	GlobalSection(SolutionConfigurationPlatforms) = preSolution
		Debug|Any CPU = Debug|Any CPU
		Release|Any CPU = Release|Any CPU
	EndGlobalSection
	GlobalSection(ProjectConfigurationPlatforms) = postSolution
		{A44B4A89-63BD-4ACC-AD43-F9DB11D491E9}.Debug|Any CPU.ActiveCfg = Debug|Any CPU
		{A44B4A89-63BD-4ACC-AD43-F9DB11D491E9}.Debug|Any CPU.Build.0 = Debug|Any CPU
		{A44B4A89-63BD-4ACC-AD43-F9DB11D491E9}.Release|Any CPU.ActiveCfg = Release|Any CPU
		{A44B4A89-63BD-4ACC-AD43-F9DB11D491E9}.Release|Any CPU.Build.0 = Release|Any CPU
	EndGlobalSection
	GlobalSection(SolutionProperties) = preSolution
		HideSolutionNode = FALSE
	EndGlobalSection
	GlobalSection(ExtensibilityGlobals) = postSolution
		SolutionGuid = {E57CBA18-AE95-4151-B0FB-DC8BE8694ACE}
	EndGlobalSection
EndGlobal
